
Microsoft Visual Studio Solution File, Format Version 12.00
# Visual Studio 15
VisualStudioVersion = 15.0.26124.0
MinimumVisualStudioVersion = 15.0.26124.0
Project("{FAE04EC0-301F-11D3-BF4B-00C04F79EFBC}") = "Domain", "Domain\Domain.csproj", "{C96350F9-83C7-4FE5-BC54-B4A8EDD0B571}"
EndProject
Project("{FAE04EC0-301F-11D3-BF4B-00C04F79EFBC}") = "Application", "Application\Application.csproj", "{1673531C-2361-4B7B-AA45-1B0540637B1E}"
EndProject
Project("{FAE04EC0-301F-11D3-BF4B-00C04F79EFBC}") = "Persistance", "Persistance\Persistance.csproj", "{0C641E10-8283-4AF6-8F50-2D97483440FB}"
EndProject
Project("{FAE04EC0-301F-11D3-BF4B-00C04F79EFBC}") = "API", "API\API.csproj", "{2DAA5AA1-7A31-4D7D-ADCB-A4DA73F9D71A}"
EndProject
Global
	GlobalSection(SolutionConfigurationPlatforms) = preSolution
		Debug|Any CPU = Debug|Any CPU
		Debug|x64 = Debug|x64
		Debug|x86 = Debug|x86
		Release|Any CPU = Release|Any CPU
		Release|x64 = Release|x64
		Release|x86 = Release|x86
	EndGlobalSection
	GlobalSection(SolutionProperties) = preSolution
		HideSolutionNode = FALSE
	EndGlobalSection
	GlobalSection(ProjectConfigurationPlatforms) = postSolution
		{C96350F9-83C7-4FE5-BC54-B4A8EDD0B571}.Debug|Any CPU.ActiveCfg = Debug|Any CPU
		{C96350F9-83C7-4FE5-BC54-B4A8EDD0B571}.Debug|Any CPU.Build.0 = Debug|Any CPU
		{C96350F9-83C7-4FE5-BC54-B4A8EDD0B571}.Debug|x64.ActiveCfg = Debug|Any CPU
		{C96350F9-83C7-4FE5-BC54-B4A8EDD0B571}.Debug|x64.Build.0 = Debug|Any CPU
		{C96350F9-83C7-4FE5-BC54-B4A8EDD0B571}.Debug|x86.ActiveCfg = Debug|Any CPU
		{C96350F9-83C7-4FE5-BC54-B4A8EDD0B571}.Debug|x86.Build.0 = Debug|Any CPU
		{C96350F9-83C7-4FE5-BC54-B4A8EDD0B571}.Release|Any CPU.ActiveCfg = Release|Any CPU
		{C96350F9-83C7-4FE5-BC54-B4A8EDD0B571}.Release|Any CPU.Build.0 = Release|Any CPU
		{C96350F9-83C7-4FE5-BC54-B4A8EDD0B571}.Release|x64.ActiveCfg = Release|Any CPU
		{C96350F9-83C7-4FE5-BC54-B4A8EDD0B571}.Release|x64.Build.0 = Release|Any CPU
		{C96350F9-83C7-4FE5-BC54-B4A8EDD0B571}.Release|x86.ActiveCfg = Release|Any CPU
		{C96350F9-83C7-4FE5-BC54-B4A8EDD0B571}.Release|x86.Build.0 = Release|Any CPU
		{1673531C-2361-4B7B-AA45-1B0540637B1E}.Debug|Any CPU.ActiveCfg = Debug|Any CPU
		{1673531C-2361-4B7B-AA45-1B0540637B1E}.Debug|Any CPU.Build.0 = Debug|Any CPU
		{1673531C-2361-4B7B-AA45-1B0540637B1E}.Debug|x64.ActiveCfg = Debug|Any CPU
		{1673531C-2361-4B7B-AA45-1B0540637B1E}.Debug|x64.Build.0 = Debug|Any CPU
		{1673531C-2361-4B7B-AA45-1B0540637B1E}.Debug|x86.ActiveCfg = Debug|Any CPU
		{1673531C-2361-4B7B-AA45-1B0540637B1E}.Debug|x86.Build.0 = Debug|Any CPU
		{1673531C-2361-4B7B-AA45-1B0540637B1E}.Release|Any CPU.ActiveCfg = Release|Any CPU
		{1673531C-2361-4B7B-AA45-1B0540637B1E}.Release|Any CPU.Build.0 = Release|Any CPU
		{1673531C-2361-4B7B-AA45-1B0540637B1E}.Release|x64.ActiveCfg = Release|Any CPU
		{1673531C-2361-4B7B-AA45-1B0540637B1E}.Release|x64.Build.0 = Release|Any CPU
		{1673531C-2361-4B7B-AA45-1B0540637B1E}.Release|x86.ActiveCfg = Release|Any CPU
		{1673531C-2361-4B7B-AA45-1B0540637B1E}.Release|x86.Build.0 = Release|Any CPU
		{0C641E10-8283-4AF6-8F50-2D97483440FB}.Debug|Any CPU.ActiveCfg = Debug|Any CPU
		{0C641E10-8283-4AF6-8F50-2D97483440FB}.Debug|Any CPU.Build.0 = Debug|Any CPU
		{0C641E10-8283-4AF6-8F50-2D97483440FB}.Debug|x64.ActiveCfg = Debug|Any CPU
		{0C641E10-8283-4AF6-8F50-2D97483440FB}.Debug|x64.Build.0 = Debug|Any CPU
		{0C641E10-8283-4AF6-8F50-2D97483440FB}.Debug|x86.ActiveCfg = Debug|Any CPU
		{0C641E10-8283-4AF6-8F50-2D97483440FB}.Debug|x86.Build.0 = Debug|Any CPU
		{0C641E10-8283-4AF6-8F50-2D97483440FB}.Release|Any CPU.ActiveCfg = Release|Any CPU
		{0C641E10-8283-4AF6-8F50-2D97483440FB}.Release|Any CPU.Build.0 = Release|Any CPU
		{0C641E10-8283-4AF6-8F50-2D97483440FB}.Release|x64.ActiveCfg = Release|Any CPU
		{0C641E10-8283-4AF6-8F50-2D97483440FB}.Release|x64.Build.0 = Release|Any CPU
		{0C641E10-8283-4AF6-8F50-2D97483440FB}.Release|x86.ActiveCfg = Release|Any CPU
		{0C641E10-8283-4AF6-8F50-2D97483440FB}.Release|x86.Build.0 = Release|Any CPU
		{2DAA5AA1-7A31-4D7D-ADCB-A4DA73F9D71A}.Debug|Any CPU.ActiveCfg = Debug|Any CPU
		{2DAA5AA1-7A31-4D7D-ADCB-A4DA73F9D71A}.Debug|Any CPU.Build.0 = Debug|Any CPU
		{2DAA5AA1-7A31-4D7D-ADCB-A4DA73F9D71A}.Debug|x64.ActiveCfg = Debug|Any CPU
		{2DAA5AA1-7A31-4D7D-ADCB-A4DA73F9D71A}.Debug|x64.Build.0 = Debug|Any CPU
		{2DAA5AA1-7A31-4D7D-ADCB-A4DA73F9D71A}.Debug|x86.ActiveCfg = Debug|Any CPU
		{2DAA5AA1-7A31-4D7D-ADCB-A4DA73F9D71A}.Debug|x86.Build.0 = Debug|Any CPU
		{2DAA5AA1-7A31-4D7D-ADCB-A4DA73F9D71A}.Release|Any CPU.ActiveCfg = Release|Any CPU
		{2DAA5AA1-7A31-4D7D-ADCB-A4DA73F9D71A}.Release|Any CPU.Build.0 = Release|Any CPU
		{2DAA5AA1-7A31-4D7D-ADCB-A4DA73F9D71A}.Release|x64.ActiveCfg = Release|Any CPU
		{2DAA5AA1-7A31-4D7D-ADCB-A4DA73F9D71A}.Release|x64.Build.0 = Release|Any CPU
		{2DAA5AA1-7A31-4D7D-ADCB-A4DA73F9D71A}.Release|x86.ActiveCfg = Release|Any CPU
		{2DAA5AA1-7A31-4D7D-ADCB-A4DA73F9D71A}.Release|x86.Build.0 = Release|Any CPU
	EndGlobalSection
EndGlobal
